PODS:
  - PermissionKit (1.0.3):
    - PermissionKit/Core (= 1.0.3)
  - PermissionKit/Core (1.0.3)

DEPENDENCIES:
  - PermissionKit (from `../`)

EXTERNAL SOURCES:
  PermissionKit:
    :path: "../"

SPEC CHECKSUMS:
  PermissionKit: 76b2bf0f2a215a841e748dd19ee0e14b1295da7c

PODFILE CHECKSUM: 4dc73dd6cdaffd340167ff40e69dd127da5b4afe

COCOAPODS: 1.7.1
