PODS:
  - Permission (1.0.3):
    - Permission/Core (= 1.0.3)
  - Permission/Core (1.0.3)

DEPENDENCIES:
  - Permission (from `../`)

EXTERNAL SOURCES:
  Permission:
    :path: "../"

SPEC CHECKSUMS:
  Permission: 28b94188a06f5f96b54214e5f60846694db95a97

PODFILE CHECKSUM: cb7fbb3624de1a5cf43d4221e20a68b2a30fee33

COCOAPODS: 1.7.1
